{
  "pins" : [
    {
      "identity" : "aunetworking",
      "kind" : "remoteSourceControl",
      "location" : "https://github.com/ahmetutluau/AUNetworking",
      "state" : {
        "revision" : "a42cb7e123ead461d6a540a07353a803eaa45fb4",
        "version" : "3.0.0"
      }
    }
  ],
  "version" : 2
}
