{
  "pins" : [
    {
      "identity" : "alamofire",
      "kind" : "remoteSourceControl",
      "location" : "https://github.com/Alamofire/Alamofire.git",
      "state" : {
        "revision" : "b2fa556e4e48cbf06cf8c63def138c98f4b811fa",
        "version" : "5.8.0"
      }
    },
    {
      "identity" : "aunetworking",
      "kind" : "remoteSourceControl",
      "location" : "https://github.com/ahmetutluau/AUNetworking",
      "state" : {
        "revision" : "9fd456dbac3176c1ceb362da679ba25fabc9f33c",
        "version" : "1.0.6"
      }
    }
  ],
  "version" : 2
}
